
Microsoft Visual Studio Solution File, Format Version 12.00
# Visual Studio Version 17
VisualStudioVersion = 17.11.35222.181
MinimumVisualStudioVersion = 10.0.40219.1
Project("{FAE04EC0-301F-11D3-BF4B-00C04F79EFBC}") = "ValasztasokWeb", "ValasztasokWeb\ValasztasokWeb.csproj", "{1050C9EA-7FA2-4FE3-810B-79A649BC3656}"
EndProject
Global
	GlobalSection(SolutionConfigurationPlatforms) = preSolution
		Debug|Any CPU = Debug|Any CPU
		Release|Any CPU = Release|Any CPU
	EndGlobalSection
	GlobalSection(ProjectConfigurationPlatforms) = postSolution
		{1050C9EA-7FA2-4FE3-810B-79A649BC3656}.Debug|Any CPU.ActiveCfg = Debug|Any CPU
		{1050C9EA-7FA2-4FE3-810B-79A649BC3656}.Debug|Any CPU.Build.0 = Debug|Any CPU
		{1050C9EA-7FA2-4FE3-810B-79A649BC3656}.Release|Any CPU.ActiveCfg = Release|Any CPU
		{1050C9EA-7FA2-4FE3-810B-79A649BC3656}.Release|Any CPU.Build.0 = Release|Any CPU
	EndGlobalSection
	GlobalSection(SolutionProperties) = preSolution
		HideSolutionNode = FALSE
	EndGlobalSection
	GlobalSection(ExtensibilityGlobals) = postSolution
		SolutionGuid = {7550600C-79F9-4D1D-B49B-813FAACDA983}
	EndGlobalSection
EndGlobal
